
Microsoft Visual Studio Solution File, Format Version 12.00
# Visual Studio Version 17
VisualStudioVersion = 17.9.34607.119
MinimumVisualStudioVersion = 10.0.40219.1
Project("{FAE04EC0-301F-11D3-BF4B-00C04F79EFBC}") = "anotacoesplus", "anotacoesplus\anotacoesplus.csproj", "{FED9D0E2-3F27-4A88-B55B-11598662A3FC}"
EndProject
Global
	GlobalSection(SolutionConfigurationPlatforms) = preSolution
		Debug|Any CPU = Debug|Any CPU
		Release|Any CPU = Release|Any CPU
	EndGlobalSection
	GlobalSection(ProjectConfigurationPlatforms) = postSolution
		{FED9D0E2-3F27-4A88-B55B-11598662A3FC}.Debug|Any CPU.ActiveCfg = Debug|Any CPU
		{FED9D0E2-3F27-4A88-B55B-11598662A3FC}.Debug|Any CPU.Build.0 = Debug|Any CPU
		{FED9D0E2-3F27-4A88-B55B-11598662A3FC}.Debug|Any CPU.Deploy.0 = Debug|Any CPU
		{FED9D0E2-3F27-4A88-B55B-11598662A3FC}.Release|Any CPU.ActiveCfg = Release|Any CPU
		{FED9D0E2-3F27-4A88-B55B-11598662A3FC}.Release|Any CPU.Build.0 = Release|Any CPU
		{FED9D0E2-3F27-4A88-B55B-11598662A3FC}.Release|Any CPU.Deploy.0 = Release|Any CPU
	EndGlobalSection
	GlobalSection(SolutionProperties) = preSolution
		HideSolutionNode = FALSE
	EndGlobalSection
	GlobalSection(ExtensibilityGlobals) = postSolution
		SolutionGuid = {AA970A3A-2EB3-46CE-939D-7C4DF89AD00E}
	EndGlobalSection
EndGlobal
